// !$*UTF8*$!
{
	archiveVersion = 1;
	classes = {
	};
	objectVersion = 50;
	objects = {

/* Begin PBXBuildFile section */
		7269950A241AB9E850CFE45C /* Pods_demo_M08.framework in Frameworks */ = {isa = PBXBuildFile; fileRef = 924D46AF714C2E00E7B67DD3 /* Pods_demo_M08.framework */; };
		7CC2D9BC2384F29F0055E328 /* AppDelegate.swift in Sources */ = {isa = PBXBuildFile; fileRef = 7CC2D9BB2384F29F0055E328 /* AppDelegate.swift */; };
		7CC2D9BE2384F29F0055E328 /* SceneDelegate.swift in Sources */ = {isa = PBXBuildFile; fileRef = 7CC2D9BD2384F29F0055E328 /* SceneDelegate.swift */; };
		7CC2D9C02384F29F0055E328 /* ViewController.swift in Sources */ = {isa = PBXBuildFile; fileRef = 7CC2D9BF2384F29F0055E328 /* ViewController.swift */; };
		7CC2D9C32384F29F0055E328 /* Main.storyboard in Resources */ = {isa = PBXBuildFile; fileRef = 7CC2D9C12384F29F0055E328 /* Main.storyboard */; };
		7CC2D9C52384F2A00055E328 /* Assets.xcassets in Resources */ = {isa = PBXBuildFile; fileRef = 7CC2D9C42384F2A00055E328 /* Assets.xcassets */; };
		7CC2D9C82384F2A00055E328 /* LaunchScreen.storyboard in Resources */ = {isa = PBXBuildFile; fileRef = 7CC2D9C62384F2A00055E328 /* LaunchScreen.storyboard */; };
		7CC2D9D62384F5590055E328 /* demo_M08Tests.swift in Sources */ = {isa = PBXBuildFile; fileRef = 7CC2D9D52384F5590055E328 /* demo_M08Tests.swift */; };
		7CC2DA1223854A860055E328 /* NumberNameSpeller.swift in Sources */ = {isa = PBXBuildFile; fileRef = 7CC2DA1123854A860055E328 /* NumberNameSpeller.swift */; };
		E3440D4D7D75022965B0F11D /* Pods_demo_M08Tests.framework in Frameworks */ = {isa = PBXBuildFile; fileRef = F37D6FA061DBAD718E69C0F2 /* Pods_demo_M08Tests.framework */; };
/* End PBXBuildFile section */

/* Begin PBXContainerItemProxy section */
		7CC2D9D82384F5590055E328 /* PBXContainerItemProxy */ = {
			isa = PBXContainerItemProxy;
			containerPortal = 7CC2D9B02384F29F0055E328 /* Project object */;
			proxyType = 1;
			remoteGlobalIDString = 7CC2D9B72384F29F0055E328;
			remoteInfo = demo_M08;
		};
/* End PBXContainerItemProxy section */

/* Begin PBXFileReference section */
		382D4BC619B4DD7EA06A1D2C /* Pods-demo_M08Tests.debug.xcconfig */ = {isa = PBXFileReference; includeInIndex = 1; lastKnownFileType = text.xcconfig; name = "Pods-demo_M08Tests.debug.xcconfig"; path = "Target Support Files/Pods-demo_M08Tests/Pods-demo_M08Tests.debug.xcconfig"; sourceTree = "<group>"; };
		3AAB41EF84C8C348678B2E75 /* Pods-demo_M08.release.xcconfig */ = {isa = PBXFileReference; includeInIndex = 1; lastKnownFileType = text.xcconfig; name = "Pods-demo_M08.release.xcconfig"; path = "Target Support Files/Pods-demo_M08/Pods-demo_M08.release.xcconfig"; sourceTree = "<group>"; };
		7CC2D9B82384F29F0055E328 /* demo_M08.app */ = {isa = PBXFileReference; explicitFileType = wrapper.application; includeInIndex = 0; path = demo_M08.app; sourceTree = BUILT_PRODUCTS_DIR; };
		7CC2D9BB2384F29F0055E328 /* AppDelegate.swift */ = {isa = PBXFileReference; lastKnownFileType = sourcecode.swift; path = AppDelegate.swift; sourceTree = "<group>"; };
		7CC2D9BD2384F29F0055E328 /* SceneDelegate.swift */ = {isa = PBXFileReference; lastKnownFileType = sourcecode.swift; path = SceneDelegate.swift; sourceTree = "<group>"; };
		7CC2D9BF2384F29F0055E328 /* ViewController.swift */ = {isa = PBXFileReference; lastKnownFileType = sourcecode.swift; path = ViewController.swift; sourceTree = "<group>"; };
		7CC2D9C22384F29F0055E328 /* Base */ = {isa = PBXFileReference; lastKnownFileType = file.storyboard; name = Base; path = Base.lproj/Main.storyboard; sourceTree = "<group>"; };
		7CC2D9C42384F2A00055E328 /* Assets.xcassets */ = {isa = PBXFileReference; lastKnownFileType = folder.assetcatalog; path = Assets.xcassets; sourceTree = "<group>"; };
		7CC2D9C72384F2A00055E328 /* Base */ = {isa = PBXFileReference; lastKnownFileType = file.storyboard; name = Base; path = Base.lproj/LaunchScreen.storyboard; sourceTree = "<group>"; };
		7CC2D9C92384F2A00055E328 /* Info.plist */ = {isa = PBXFileReference; lastKnownFileType = text.plist.xml; path = Info.plist; sourceTree = "<group>"; };
		7CC2D9D32384F5590055E328 /* demo_M08Tests.xctest */ = {isa = PBXFileReference; explicitFileType = wrapper.cfbundle; includeInIndex = 0; path = demo_M08Tests.xctest; sourceTree = BUILT_PRODUCTS_DIR; };
		7CC2D9D52384F5590055E328 /* demo_M08Tests.swift */ = {isa = PBXFileReference; lastKnownFileType = sourcecode.swift; path = demo_M08Tests.swift; sourceTree = "<group>"; };
		7CC2D9D72384F5590055E328 /* Info.plist */ = {isa = PBXFileReference; lastKnownFileType = text.plist.xml; path = Info.plist; sourceTree = "<group>"; };
		7CC2DA1123854A860055E328 /* NumberNameSpeller.swift */ = {isa = PBXFileReference; lastKnownFileType = sourcecode.swift; path = NumberNameSpeller.swift; sourceTree = "<group>"; };
		8E44D2BD15664F2B05198A42 /* Pods-demo_M08.debug.xcconfig */ = {isa = PBXFileReference; includeInIndex = 1; lastKnownFileType = text.xcconfig; name = "Pods-demo_M08.debug.xcconfig"; path = "Target Support Files/Pods-demo_M08/Pods-demo_M08.debug.xcconfig"; sourceTree = "<group>"; };
		924D46AF714C2E00E7B67DD3 /* Pods_demo_M08.framework */ = {isa = PBXFileReference; explicitFileType = wrapper.framework; includeInIndex = 0; path = Pods_demo_M08.framework; sourceTree = BUILT_PRODUCTS_DIR; };
		D6B689E7C047F952960A320B /* Pods-demo_M08Tests.release.xcconfig */ = {isa = PBXFileReference; includeInIndex = 1; lastKnownFileType = text.xcconfig; name = "Pods-demo_M08Tests.release.xcconfig"; path = "Target Support Files/Pods-demo_M08Tests/Pods-demo_M08Tests.release.xcconfig"; sourceTree = "<group>"; };
		F37D6FA061DBAD718E69C0F2 /* Pods_demo_M08Tests.framework */ = {isa = PBXFileReference; explicitFileType = wrapper.framework; includeInIndex = 0; path = Pods_demo_M08Tests.framework; sourceTree = BUILT_PRODUCTS_DIR; };
/* End PBXFileReference section */

/* Begin PBXFrameworksBuildPhase section */
		7CC2D9B52384F29F0055E328 /* Frameworks */ = {
			isa = PBXFrameworksBuildPhase;
			buildActionMask = 2147483647;
			files = (
				7269950A241AB9E850CFE45C /* Pods_demo_M08.framework in Frameworks */,
			);
			runOnlyForDeploymentPostprocessing = 0;
		};
		7CC2D9D02384F5590055E328 /* Frameworks */ = {
			isa = PBXFrameworksBuildPhase;
			buildActionMask = 2147483647;
			files = (
				E3440D4D7D75022965B0F11D /* Pods_demo_M08Tests.framework in Frameworks */,
			);
			runOnlyForDeploymentPostprocessing = 0;
		};
/* End PBXFrameworksBuildPhase section */

/* Begin PBXGroup section */
		231CCAF6D07659DDF7E388EF /* Frameworks */ = {
			isa = PBXGroup;
			children = (
				924D46AF714C2E00E7B67DD3 /* Pods_demo_M08.framework */,
				F37D6FA061DBAD718E69C0F2 /* Pods_demo_M08Tests.framework */,
			);
			name = Frameworks;
			sourceTree = "<group>";
		};
		46647C0978400B9ABFD411BA /* Pods */ = {
			isa = PBXGroup;
			children = (
				8E44D2BD15664F2B05198A42 /* Pods-demo_M08.debug.xcconfig */,
				3AAB41EF84C8C348678B2E75 /* Pods-demo_M08.release.xcconfig */,
				382D4BC619B4DD7EA06A1D2C /* Pods-demo_M08Tests.debug.xcconfig */,
				D6B689E7C047F952960A320B /* Pods-demo_M08Tests.release.xcconfig */,
			);
			name = Pods;
			path = Pods;
			sourceTree = "<group>";
		};
		7CC2D9AF2384F29F0055E328 = {
			isa = PBXGroup;
			children = (
				7CC2D9BA2384F29F0055E328 /* demo_M08 */,
				7CC2D9D42384F5590055E328 /* demo_M08Tests */,
				7CC2D9B92384F29F0055E328 /* Products */,
				46647C0978400B9ABFD411BA /* Pods */,
				231CCAF6D07659DDF7E388EF /* Frameworks */,
			);
			sourceTree = "<group>";
		};
		7CC2D9B92384F29F0055E328 /* Products */ = {
			isa = PBXGroup;
			children = (
				7CC2D9B82384F29F0055E328 /* demo_M08.app */,
				7CC2D9D32384F5590055E328 /* demo_M08Tests.xctest */,
			);
			name = Products;
			sourceTree = "<group>";
		};
		7CC2D9BA2384F29F0055E328 /* demo_M08 */ = {
			isa = PBXGroup;
			children = (
				7CC2D9BB2384F29F0055E328 /* AppDelegate.swift */,
				7CC2D9BD2384F29F0055E328 /* SceneDelegate.swift */,
				7CC2D9BF2384F29F0055E328 /* ViewController.swift */,
				7CC2D9C12384F29F0055E328 /* Main.storyboard */,
				7CC2D9C42384F2A00055E328 /* Assets.xcassets */,
				7CC2D9C62384F2A00055E328 /* LaunchScreen.storyboard */,
				7CC2D9C92384F2A00055E328 /* Info.plist */,
				7CC2DA1123854A860055E328 /* NumberNameSpeller.swift */,
			);
			path = demo_M08;
			sourceTree = "<group>";
		};
		7CC2D9D42384F5590055E328 /* demo_M08Tests */ = {
			isa = PBXGroup;
			children = (
				7CC2D9D52384F5590055E328 /* demo_M08Tests.swift */,
				7CC2D9D72384F5590055E328 /* Info.plist */,
			);
			path = demo_M08Tests;
			sourceTree = "<group>";
		};
/* End PBXGroup section */

/* Begin PBXNativeTarget section */
		7CC2D9B72384F29F0055E328 /* demo_M08 */ = {
			isa = PBXNativeTarget;
			buildConfigurationList = 7CC2D9CC2384F2A00055E328 /* Build configuration list for PBXNativeTarget "demo_M08" */;
			buildPhases = (
				A6F87F7C87B23289982A8EC7 /* [CP] Check Pods Manifest.lock */,
				7CC2D9B42384F29F0055E328 /* Sources */,
				7CC2D9B52384F29F0055E328 /* Frameworks */,
				7CC2D9B62384F29F0055E328 /* Resources */,
			);
			buildRules = (
			);
			dependencies = (
			);
			name = demo_M08;
			productName = demo_M08;
			productReference = 7CC2D9B82384F29F0055E328 /* demo_M08.app */;
			productType = "com.apple.product-type.application";
		};
		7CC2D9D22384F5590055E328 /* demo_M08Tests */ = {
			isa = PBXNativeTarget;
			buildConfigurationList = 7CC2D9DA2384F5590055E328 /* Build configuration list for PBXNativeTarget "demo_M08Tests" */;
			buildPhases = (
				4DAC2CEF54AA3F8C7A0684B7 /* [CP] Check Pods Manifest.lock */,
				7CC2D9CF2384F5590055E328 /* Sources */,
				7CC2D9D02384F5590055E328 /* Frameworks */,
				7CC2D9D12384F5590055E328 /* Resources */,
				397AFFBB51AF5D0A0C64D3E0 /* [CP] Embed Pods Frameworks */,
			);
			buildRules = (
			);
			dependencies = (
				7CC2D9D92384F5590055E328 /* PBXTargetDependency */,
			);
			name = demo_M08Tests;
			productName = demo_M08Tests;
			productReference = 7CC2D9D32384F5590055E328 /* demo_M08Tests.xctest */;
			productType = "com.apple.product-type.bundle.unit-test";
		};
/* End PBXNativeTarget section */

/* Begin PBXProject section */
		7CC2D9B02384F29F0055E328 /* Project object */ = {
			isa = PBXProject;
			attributes = {
				LastSwiftUpdateCheck = 1110;
				LastUpgradeCheck = 1110;
				ORGANIZATIONNAME = personal.emagrorrim;
				TargetAttributes = {
					7CC2D9B72384F29F0055E328 = {
						CreatedOnToolsVersion = 11.1;
					};
					7CC2D9D22384F5590055E328 = {
						CreatedOnToolsVersion = 11.1;
						TestTargetID = 7CC2D9B72384F29F0055E328;
					};
				};
			};
			buildConfigurationList = 7CC2D9B32384F29F0055E328 /* Build configuration list for PBXProject "demo_M08" */;
			compatibilityVersion = "Xcode 9.3";
			developmentRegion = en;
			hasScannedForEncodings = 0;
			knownRegions = (
				en,
				Base,
			);
			mainGroup = 7CC2D9AF2384F29F0055E328;
			productRefGroup = 7CC2D9B92384F29F0055E328 /* Products */;
			projectDirPath = "";
			projectRoot = "";
			targets = (
				7CC2D9B72384F29F0055E328 /* demo_M08 */,
				7CC2D9D22384F5590055E328 /* demo_M08Tests */,
			);
		};
/* End PBXProject section */

/* Begin PBXResourcesBuildPhase section */
		7CC2D9B62384F29F0055E328 /* Resources */ = {
			isa = PBXResourcesBuildPhase;
			buildActionMask = 2147483647;
			files = (
				7CC2D9C82384F2A00055E328 /* LaunchScreen.storyboard in Resources */,
				7CC2D9C52384F2A00055E328 /* Assets.xcassets in Resources */,
				7CC2D9C32384F29F0055E328 /* Main.storyboard in Resources */,
			);
			runOnlyForDeploymentPostprocessing = 0;
		};
		7CC2D9D12384F5590055E328 /* Resources */ = {
			isa = PBXResourcesBuildPhase;
			buildActionMask = 2147483647;
			files = (
			);
			runOnlyForDeploymentPostprocessing = 0;
		};
/* End PBXResourcesBuildPhase section */

/* Begin PBXShellScriptBuildPhase section */
		397AFFBB51AF5D0A0C64D3E0 /* [CP] Embed Pods Frameworks */ = {
			isa = PBXShellScriptBuildPhase;
			buildActionMask = 2147483647;
			files = (
			);
			inputFileListPaths = (
				"${PODS_ROOT}/Target Support Files/Pods-demo_M08Tests/Pods-demo_M08Tests-frameworks-${CONFIGURATION}-input-files.xcfilelist",
			);
			name = "[CP] Embed Pods Frameworks";
			outputFileListPaths = (
				"${PODS_ROOT}/Target Support Files/Pods-demo_M08Tests/Pods-demo_M08Tests-frameworks-${CONFIGURATION}-output-files.xcfilelist",
			);
			runOnlyForDeploymentPostprocessing = 0;
			shellPath = /bin/sh;
			shellScript = "\"${PODS_ROOT}/Target Support Files/Pods-demo_M08Tests/Pods-demo_M08Tests-frameworks.sh\"\n";
			showEnvVarsInLog = 0;
		};
		4DAC2CEF54AA3F8C7A0684B7 /* [CP] Check Pods Manifest.lock */ = {
			isa = PBXShellScriptBuildPhase;
			buildActionMask = 2147483647;
			files = (
			);
			inputFileListPaths = (
			);
			inputPaths = (
				"${PODS_PODFILE_DIR_PATH}/Podfile.lock",
				"${PODS_ROOT}/Manifest.lock",
			);
			name = "[CP] Check Pods Manifest.lock";
			outputFileListPaths = (
			);
			outputPaths = (
				"$(DERIVED_FILE_DIR)/Pods-demo_M08Tests-checkManifestLockResult.txt",
			);
			runOnlyForDeploymentPostprocessing = 0;
			shellPath = /bin/sh;
			shellScript = "diff \"${PODS_PODFILE_DIR_PATH}/Podfile.lock\" \"${PODS_ROOT}/Manifest.lock\" > /dev/null\nif [ $? != 0 ] ; then\n    # print error to STDERR\n    echo \"error: The sandbox is not in sync with the Podfile.lock. Run 'pod install' or update your CocoaPods installation.\" >&2\n    exit 1\nfi\n# This output is used by Xcode 'outputs' to avoid re-running this script phase.\necho \"SUCCESS\" > \"${SCRIPT_OUTPUT_FILE_0}\"\n";
			showEnvVarsInLog = 0;
		};
		A6F87F7C87B23289982A8EC7 /* [CP] Check Pods Manifest.lock */ = {
			isa = PBXShellScriptBuildPhase;
			buildActionMask = 2147483647;
			files = (
			);
			inputFileListPaths = (
			);
			inputPaths = (
				"${PODS_PODFILE_DIR_PATH}/Podfile.lock",
				"${PODS_ROOT}/Manifest.lock",
			);
			name = "[CP] Check Pods Manifest.lock";
			outputFileListPaths = (
			);
			outputPaths = (
				"$(DERIVED_FILE_DIR)/Pods-demo_M08-checkManifestLockResult.txt",
			);
			runOnlyForDeploymentPostprocessing = 0;
			shellPath = /bin/sh;
			shellScript = "diff \"${PODS_PODFILE_DIR_PATH}/Podfile.lock\" \"${PODS_ROOT}/Manifest.lock\" > /dev/null\nif [ $? != 0 ] ; then\n    # print error to STDERR\n    echo \"error: The sandbox is not in sync with the Podfile.lock. Run 'pod install' or update your CocoaPods installation.\" >&2\n    exit 1\nfi\n# This output is used by Xcode 'outputs' to avoid re-running this script phase.\necho \"SUCCESS\" > \"${SCRIPT_OUTPUT_FILE_0}\"\n";
			showEnvVarsInLog = 0;
		};
/* End PBXShellScriptBuildPhase section */

/* Begin PBXSourcesBuildPhase section */
		7CC2D9B42384F29F0055E328 /* Sources */ = {
			isa = PBXSourcesBuildPhase;
			buildActionMask = 2147483647;
			files = (
				7CC2D9C02384F29F0055E328 /* ViewController.swift in Sources */,
				7CC2D9BC2384F29F0055E328 /* AppDelegate.swift in Sources */,
				7CC2D9BE2384F29F0055E328 /* SceneDelegate.swift in Sources */,
				7CC2DA1223854A860055E328 /* NumberNameSpeller.swift in Sources */,
			);
			runOnlyForDeploymentPostprocessing = 0;
		};
		7CC2D9CF2384F5590055E328 /* Sources */ = {
			isa = PBXSourcesBuildPhase;
			buildActionMask = 2147483647;
			files = (
				7CC2D9D62384F5590055E328 /* demo_M08Tests.swift in Sources */,
			);
			runOnlyForDeploymentPostprocessing = 0;
		};
/* End PBXSourcesBuildPhase section */

/* Begin PBXTargetDependency section */
		7CC2D9D92384F5590055E328 /* PBXTargetDependency */ = {
			isa = PBXTargetDependency;
			target = 7CC2D9B72384F29F0055E328 /* demo_M08 */;
			targetProxy = 7CC2D9D82384F5590055E328 /* PBXContainerItemProxy */;
		};
/* End PBXTargetDependency section */

/* Begin PBXVariantGroup section */
		7CC2D9C12384F29F0055E328 /* Main.storyboard */ = {
			isa = PBXVariantGroup;
			children = (
				7CC2D9C22384F29F0055E328 /* Base */,
			);
			name = Main.storyboard;
			sourceTree = "<group>";
		};
		7CC2D9C62384F2A00055E328 /* LaunchScreen.storyboard */ = {
			isa = PBXVariantGroup;
			children = (
				7CC2D9C72384F2A00055E328 /* Base */,
			);
			name = LaunchScreen.storyboard;
			sourceTree = "<group>";
		};
/* End PBXVariantGroup section */

/* Begin XCBuildConfiguration section */
		7CC2D9CA2384F2A00055E328 /* Debug */ = {
			isa = XCBuildConfiguration;
			buildSettings = {
				ALWAYS_SEARCH_USER_PATHS = NO;
				CLANG_ANALYZER_NONNULL = YES;
				CLANG_ANALYZER_NUMBER_OBJECT_CONVERSION = YES_AGGRESSIVE;
				CLANG_CXX_LANGUAGE_STANDARD = "gnu++14";
				CLANG_CXX_LIBRARY = "libc++";
				CLANG_ENABLE_MODULES = YES;
				CLANG_ENABLE_OBJC_ARC = YES;
				CLANG_ENABLE_OBJC_WEAK = YES;
				CLANG_WARN_BLOCK_CAPTURE_AUTORELEASING = YES;
				CLANG_WARN_BOOL_CONVERSION = YES;
				CLANG_WARN_COMMA = YES;
				CLANG_WARN_CONSTANT_CONVERSION = YES;
				CLANG_WARN_DEPRECATED_OBJC_IMPLEMENTATIONS = YES;
				CLANG_WARN_DIRECT_OBJC_ISA_USAGE = YES_ERROR;
				CLANG_WARN_DOCUMENTATION_COMMENTS = YES;
				CLANG_WARN_EMPTY_BODY = YES;
				CLANG_WARN_ENUM_CONVERSION = YES;
				CLANG_WARN_INFINITE_RECURSION = YES;
				CLANG_WARN_INT_CONVERSION = YES;
				CLANG_WARN_NON_LITERAL_NULL_CONVERSION = YES;
				CLANG_WARN_OBJC_IMPLICIT_RETAIN_SELF = YES;
				CLANG_WARN_OBJC_LITERAL_CONVERSION = YES;
				CLANG_WARN_OBJC_ROOT_CLASS = YES_ERROR;
				CLANG_WARN_RANGE_LOOP_ANALYSIS = YES;
				CLANG_WARN_STRICT_PROTOTYPES = YES;
				CLANG_WARN_SUSPICIOUS_MOVE = YES;
				CLANG_WARN_UNGUARDED_AVAILABILITY = YES_AGGRESSIVE;
				CLANG_WARN_UNREACHABLE_CODE = YES;
				CLANG_WARN__DUPLICATE_METHOD_MATCH = YES;
				COPY_PHASE_STRIP = NO;
				DEBUG_INFORMATION_FORMAT = dwarf;
				ENABLE_STRICT_OBJC_MSGSEND = YES;
				ENABLE_TESTABILITY = YES;
				GCC_C_LANGUAGE_STANDARD = gnu11;
				GCC_DYNAMIC_NO_PIC = NO;
				GCC_NO_COMMON_BLOCKS = YES;
				GCC_OPTIMIZATION_LEVEL = 0;
				GCC_PREPROCESSOR_DEFINITIONS = (
					"DEBUG=1",
					"$(inherited)",
				);
				GCC_WARN_64_TO_32_BIT_CONVERSION = YES;
				GCC_WARN_ABOUT_RETURN_TYPE = YES_ERROR;
				GCC_WARN_UNDECLARED_SELECTOR = YES;
				GCC_WARN_UNINITIALIZED_AUTOS = YES_AGGRESSIVE;
				GCC_WARN_UNUSED_FUNCTION = YES;
				GCC_WARN_UNUSED_VARIABLE = YES;
				IPHONEOS_DEPLOYMENT_TARGET = 13.1;
				MTL_ENABLE_DEBUG_INFO = INCLUDE_SOURCE;
				MTL_FAST_MATH = YES;
				ONLY_ACTIVE_ARCH = YES;
				SDKROOT = iphoneos;
				SWIFT_ACTIVE_COMPILATION_CONDITIONS = DEBUG;
				SWIFT_OPTIMIZATION_LEVEL = "-Onone";
			};
			name = Debug;
		};
		7CC2D9CB2384F2A00055E328 /* Release */ = {
			isa = XCBuildConfiguration;
			buildSettings = {
				ALWAYS_SEARCH_USER_PATHS = NO;
				CLANG_ANALYZER_NONNULL = YES;
				CLANG_ANALYZER_NUMBER_OBJECT_CONVERSION = YES_AGGRESSIVE;
				CLANG_CXX_LANGUAGE_STANDARD = "gnu++14";
				CLANG_CXX_LIBRARY = "libc++";
				CLANG_ENABLE_MODULES = YES;
				CLANG_ENABLE_OBJC_ARC = YES;
				CLANG_ENABLE_OBJC_WEAK = YES;
				CLANG_WARN_BLOCK_CAPTURE_AUTORELEASING = YES;
				CLANG_WARN_BOOL_CONVERSION = YES;
				CLANG_WARN_COMMA = YES;
				CLANG_WARN_CONSTANT_CONVERSION = YES;
				CLANG_WARN_DEPRECATED_OBJC_IMPLEMENTATIONS = YES;
				CLANG_WARN_DIRECT_OBJC_ISA_USAGE = YES_ERROR;
				CLANG_WARN_DOCUMENTATION_COMMENTS = YES;
				CLANG_WARN_EMPTY_BODY = YES;
				CLANG_WARN_ENUM_CONVERSION = YES;
				CLANG_WARN_INFINITE_RECURSION = YES;
				CLANG_WARN_INT_CONVERSION = YES;
				CLANG_WARN_NON_LITERAL_NULL_CONVERSION = YES;
				CLANG_WARN_OBJC_IMPLICIT_RETAIN_SELF = YES;
				CLANG_WARN_OBJC_LITERAL_CONVERSION = YES;
				CLANG_WARN_OBJC_ROOT_CLASS = YES_ERROR;
				CLANG_WARN_RANGE_LOOP_ANALYSIS = YES;
				CLANG_WARN_STRICT_PROTOTYPES = YES;
				CLANG_WARN_SUSPICIOUS_MOVE = YES;
				CLANG_WARN_UNGUARDED_AVAILABILITY = YES_AGGRESSIVE;
				CLANG_WARN_UNREACHABLE_CODE = YES;
				CLANG_WARN__DUPLICATE_METHOD_MATCH = YES;
				COPY_PHASE_STRIP = NO;
				DEBUG_INFORMATION_FORMAT = "dwarf-with-dsym";
				ENABLE_NS_ASSERTIONS = NO;
				ENABLE_STRICT_OBJC_MSGSEND = YES;
				GCC_C_LANGUAGE_STANDARD = gnu11;
				GCC_NO_COMMON_BLOCKS = YES;
				GCC_WARN_64_TO_32_BIT_CONVERSION = YES;
				GCC_WARN_ABOUT_RETURN_TYPE = YES_ERROR;
				GCC_WARN_UNDECLARED_SELECTOR = YES;
				GCC_WARN_UNINITIALIZED_AUTOS = YES_AGGRESSIVE;
				GCC_WARN_UNUSED_FUNCTION = YES;
				GCC_WARN_UNUSED_VARIABLE = YES;
				IPHONEOS_DEPLOYMENT_TARGET = 13.1;
				MTL_ENABLE_DEBUG_INFO = NO;
				MTL_FAST_MATH = YES;
				SDKROOT = iphoneos;
				SWIFT_COMPILATION_MODE = wholemodule;
				SWIFT_OPTIMIZATION_LEVEL = "-O";
				VALIDATE_PRODUCT = YES;
			};
			name = Release;
		};
		7CC2D9CD2384F2A00055E328 /* Debug */ = {
			isa = XCBuildConfiguration;
			baseConfigurationReference = 8E44D2BD15664F2B05198A42 /* Pods-demo_M08.debug.xcconfig */;
			buildSettings = {
				ASSETCATALOG_COMPILER_APPICON_NAME = AppIcon;
				CODE_SIGN_STYLE = Automatic;
				DEVELOPMENT_TEAM = JAX8P4BTK4;
				INFOPLIST_FILE = demo_M08/Info.plist;
				LD_RUNPATH_SEARCH_PATHS = (
					"$(inherited)",
					"@executable_path/Frameworks",
				);
				PRODUCT_BUNDLE_IDENTIFIER = "personal.emagrorrim.demo-M08";
				PRODUCT_NAME = "$(TARGET_NAME)";
				SWIFT_VERSION = 5.0;
				TARGETED_DEVICE_FAMILY = "1,2";
			};
			name = Debug;
		};
		7CC2D9CE2384F2A00055E328 /* Release */ = {
			isa = XCBuildConfiguration;
			baseConfigurationReference = 3AAB41EF84C8C348678B2E75 /* Pods-demo_M08.release.xcconfig */;
			buildSettings = {
				ASSETCATALOG_COMPILER_APPICON_NAME = AppIcon;
				CODE_SIGN_STYLE = Automatic;
				DEVELOPMENT_TEAM = JAX8P4BTK4;
				INFOPLIST_FILE = demo_M08/Info.plist;
				LD_RUNPATH_SEARCH_PATHS = (
					"$(inherited)",
					"@executable_path/Frameworks",
				);
				PRODUCT_BUNDLE_IDENTIFIER = "personal.emagrorrim.demo-M08";
				PRODUCT_NAME = "$(TARGET_NAME)";
				SWIFT_VERSION = 5.0;
				TARGETED_DEVICE_FAMILY = "1,2";
			};
			name = Release;
		};
		7CC2D9DB2384F5590055E328 /* Debug */ = {
			isa = XCBuildConfiguration;
			baseConfigurationReference = 382D4BC619B4DD7EA06A1D2C /* Pods-demo_M08Tests.debug.xcconfig */;
			buildSettings = {
				BUNDLE_LOADER = "$(TEST_HOST)";
				CODE_SIGN_STYLE = Automatic;
				DEVELOPMENT_TEAM = JAX8P4BTK4;
				INFOPLIST_FILE = demo_M08Tests/Info.plist;
				LD_RUNPATH_SEARCH_PATHS = (
					"$(inherited)",
					"@executable_path/Frameworks",
					"@loader_path/Frameworks",
				);
				PRODUCT_BUNDLE_IDENTIFIER = "personal.emagrorrim.demo-M08Tests";
				PRODUCT_NAME = "$(TARGET_NAME)";
				SWIFT_VERSION = 5.0;
				TARGETED_DEVICE_FAMILY = "1,2";
				TEST_HOST = "$(BUILT_PRODUCTS_DIR)/demo_M08.app/demo_M08";
			};
			name = Debug;
		};
		7CC2D9DC2384F5590055E328 /* Release */ = {
			isa = XCBuildConfiguration;
			baseConfigurationReference = D6B689E7C047F952960A320B /* Pods-demo_M08Tests.release.xcconfig */;
			buildSettings = {
				BUNDLE_LOADER = "$(TEST_HOST)";
				CODE_SIGN_STYLE = Automatic;
				DEVELOPMENT_TEAM = JAX8P4BTK4;
				INFOPLIST_FILE = demo_M08Tests/Info.plist;
				LD_RUNPATH_SEARCH_PATHS = (
					"$(inherited)",
					"@executable_path/Frameworks",
					"@loader_path/Frameworks",
				);
				PRODUCT_BUNDLE_IDENTIFIER = "personal.emagrorrim.demo-M08Tests";
				PRODUCT_NAME = "$(TARGET_NAME)";
				SWIFT_VERSION = 5.0;
				TARGETED_DEVICE_FAMILY = "1,2";
				TEST_HOST = "$(BUILT_PRODUCTS_DIR)/demo_M08.app/demo_M08";
			};
			name = Release;
		};
/* End XCBuildConfiguration section */

/* Begin XCConfigurationList section */
		7CC2D9B32384F29F0055E328 /* Build configuration list for PBXProject "demo_M08" */ = {
			isa = XCConfigurationList;
			buildConfigurations = (
				7CC2D9CA2384F2A00055E328 /* Debug */,
				7CC2D9CB2384F2A00055E328 /* Release */,
			);
			defaultConfigurationIsVisible = 0;
			defaultConfigurationName = Release;
		};
		7CC2D9CC2384F2A00055E328 /* Build configuration list for PBXNativeTarget "demo_M08" */ = {
			isa = XCConfigurationList;
			buildConfigurations = (
				7CC2D9CD2384F2A00055E328 /* Debug */,
				7CC2D9CE2384F2A00055E328 /* Release */,
			);
			defaultConfigurationIsVisible = 0;
			defaultConfigurationName = Release;
		};
		7CC2D9DA2384F5590055E328 /* Build configuration list for PBXNativeTarget "demo_M08Tests" */ = {
			isa = XCConfigurationList;
			buildConfigurations = (
				7CC2D9DB2384F5590055E328 /* Debug */,
				7CC2D9DC2384F5590055E328 /* Release */,
			);
			defaultConfigurationIsVisible = 0;
			defaultConfigurationName = Release;
		};
/* End XCConfigurationList section */
	};
	rootObject = 7CC2D9B02384F29F0055E328 /* Project object */;
}
