// !$*UTF8*$!
{
	archiveVersion = 1;
	classes = {
	};
	objectVersion = 50;
	objects = {

/* Begin PBXBuildFile section */
		DE365418238579260031A340 /* AppDelegate.swift in Sources */ = {isa = PBXBuildFile; fileRef = DE365417238579260031A340 /* AppDelegate.swift */; };
		DE36541A238579260031A340 /* SceneDelegate.swift in Sources */ = {isa = PBXBuildFile; fileRef = DE365419238579260031A340 /* SceneDelegate.swift */; };
		DE36541C238579260031A340 /* ViewController.swift in Sources */ = {isa = PBXBuildFile; fileRef = DE36541B238579260031A340 /* ViewController.swift */; };
		DE36541F238579260031A340 /* Main.storyboard in Resources */ = {isa = PBXBuildFile; fileRef = DE36541D238579260031A340 /* Main.storyboard */; };
		DE3654212385792C0031A340 /* Assets.xcassets in Resources */ = {isa = PBXBuildFile; fileRef = DE3654202385792C0031A340 /* Assets.xcassets */; };
		DE3654242385792C0031A340 /* LaunchScreen.storyboard in Resources */ = {isa = PBXBuildFile; fileRef = DE3654222385792C0031A340 /* LaunchScreen.storyboard */; };
		DE36542C23857C040031A340 /* NetworkService.swift in Sources */ = {isa = PBXBuildFile; fileRef = DE36542B23857C040031A340 /* NetworkService.swift */; };
		DE36543123857DBB0031A340 /* Tweet.swift in Sources */ = {isa = PBXBuildFile; fileRef = DE36543023857DBB0031A340 /* Tweet.swift */; };
		DE36543323857FF60031A340 /* Author.swift in Sources */ = {isa = PBXBuildFile; fileRef = DE36543223857FF60031A340 /* Author.swift */; };
/* End PBXBuildFile section */

/* Begin PBXFileReference section */
		DE365414238579260031A340 /* NetworkChallenge1.app */ = {isa = PBXFileReference; explicitFileType = wrapper.application; includeInIndex = 0; path = NetworkChallenge1.app; sourceTree = BUILT_PRODUCTS_DIR; };
		DE365417238579260031A340 /* AppDelegate.swift */ = {isa = PBXFileReference; lastKnownFileType = sourcecode.swift; path = AppDelegate.swift; sourceTree = "<group>"; };
		DE365419238579260031A340 /* SceneDelegate.swift */ = {isa = PBXFileReference; lastKnownFileType = sourcecode.swift; path = SceneDelegate.swift; sourceTree = "<group>"; };
		DE36541B238579260031A340 /* ViewController.swift */ = {isa = PBXFileReference; lastKnownFileType = sourcecode.swift; path = ViewController.swift; sourceTree = "<group>"; };
		DE36541E238579260031A340 /* Base */ = {isa = PBXFileReference; lastKnownFileType = file.storyboard; name = Base; path = Base.lproj/Main.storyboard; sourceTree = "<group>"; };
		DE3654202385792C0031A340 /* Assets.xcassets */ = {isa = PBXFileReference; lastKnownFileType = folder.assetcatalog; path = Assets.xcassets; sourceTree = "<group>"; };
		DE3654232385792C0031A340 /* Base */ = {isa = PBXFileReference; lastKnownFileType = file.storyboard; name = Base; path = Base.lproj/LaunchScreen.storyboard; sourceTree = "<group>"; };
		DE3654252385792C0031A340 /* Info.plist */ = {isa = PBXFileReference; lastKnownFileType = text.plist.xml; path = Info.plist; sourceTree = "<group>"; };
		DE36542B23857C040031A340 /* NetworkService.swift */ = {isa = PBXFileReference; lastKnownFileType = sourcecode.swift; path = NetworkService.swift; sourceTree = "<group>"; };
		DE36543023857DBB0031A340 /* Tweet.swift */ = {isa = PBXFileReference; lastKnownFileType = sourcecode.swift; path = Tweet.swift; sourceTree = "<group>"; };
		DE36543223857FF60031A340 /* Author.swift */ = {isa = PBXFileReference; lastKnownFileType = sourcecode.swift; path = Author.swift; sourceTree = "<group>"; };
/* End PBXFileReference section */

/* Begin PBXFrameworksBuildPhase section */
		DE365411238579260031A340 /* Frameworks */ = {
			isa = PBXFrameworksBuildPhase;
			buildActionMask = 2147483647;
			files = (
			);
			runOnlyForDeploymentPostprocessing = 0;
		};
/* End PBXFrameworksBuildPhase section */

/* Begin PBXGroup section */
		DE36540B238579260031A340 = {
			isa = PBXGroup;
			children = (
				DE365416238579260031A340 /* NetworkChallenge1 */,
				DE365415238579260031A340 /* Products */,
			);
			sourceTree = "<group>";
		};
		DE365415238579260031A340 /* Products */ = {
			isa = PBXGroup;
			children = (
				DE365414238579260031A340 /* NetworkChallenge1.app */,
			);
			name = Products;
			sourceTree = "<group>";
		};
		DE365416238579260031A340 /* NetworkChallenge1 */ = {
			isa = PBXGroup;
			children = (
				DE36542D23857D080031A340 /* Model */,
				DE365417238579260031A340 /* AppDelegate.swift */,
				DE365419238579260031A340 /* SceneDelegate.swift */,
				DE36541B238579260031A340 /* ViewController.swift */,
				DE36542B23857C040031A340 /* NetworkService.swift */,
				DE36541D238579260031A340 /* Main.storyboard */,
				DE3654202385792C0031A340 /* Assets.xcassets */,
				DE3654222385792C0031A340 /* LaunchScreen.storyboard */,
				DE3654252385792C0031A340 /* Info.plist */,
			);
			path = NetworkChallenge1;
			sourceTree = "<group>";
		};
		DE36542D23857D080031A340 /* Model */ = {
			isa = PBXGroup;
			children = (
				DE36543023857DBB0031A340 /* Tweet.swift */,
				DE36543223857FF60031A340 /* Author.swift */,
			);
			path = Model;
			sourceTree = "<group>";
		};
/* End PBXGroup section */

/* Begin PBXNativeTarget section */
		DE365413238579260031A340 /* NetworkChallenge1 */ = {
			isa = PBXNativeTarget;
			buildConfigurationList = DE3654282385792C0031A340 /* Build configuration list for PBXNativeTarget "NetworkChallenge1" */;
			buildPhases = (
				DE365410238579260031A340 /* Sources */,
				DE365411238579260031A340 /* Frameworks */,
				DE365412238579260031A340 /* Resources */,
			);
			buildRules = (
			);
			dependencies = (
			);
			name = NetworkChallenge1;
			productName = NetworkChallenge1;
			productReference = DE365414238579260031A340 /* NetworkChallenge1.app */;
			productType = "com.apple.product-type.application";
		};
/* End PBXNativeTarget section */

/* Begin PBXProject section */
		DE36540C238579260031A340 /* Project object */ = {
			isa = PBXProject;
			attributes = {
				LastSwiftUpdateCheck = 1110;
				LastUpgradeCheck = 1110;
				ORGANIZATIONNAME = ThoughtWorks;
				TargetAttributes = {
					DE365413238579260031A340 = {
						CreatedOnToolsVersion = 11.1;
					};
				};
			};
			buildConfigurationList = DE36540F238579260031A340 /* Build configuration list for PBXProject "NetworkChallenge1" */;
			compatibilityVersion = "Xcode 9.3";
			developmentRegion = en;
			hasScannedForEncodings = 0;
			knownRegions = (
				en,
				Base,
			);
			mainGroup = DE36540B238579260031A340;
			productRefGroup = DE365415238579260031A340 /* Products */;
			projectDirPath = "";
			projectRoot = "";
			targets = (
				DE365413238579260031A340 /* NetworkChallenge1 */,
			);
		};
/* End PBXProject section */

/* Begin PBXResourcesBuildPhase section */
		DE365412238579260031A340 /* Resources */ = {
			isa = PBXResourcesBuildPhase;
			buildActionMask = 2147483647;
			files = (
				DE3654242385792C0031A340 /* LaunchScreen.storyboard in Resources */,
				DE3654212385792C0031A340 /* Assets.xcassets in Resources */,
				DE36541F238579260031A340 /* Main.storyboard in Resources */,
			);
			runOnlyForDeploymentPostprocessing = 0;
		};
/* End PBXResourcesBuildPhase section */

/* Begin PBXSourcesBuildPhase section */
		DE365410238579260031A340 /* Sources */ = {
			isa = PBXSourcesBuildPhase;
			buildActionMask = 2147483647;
			files = (
				DE36543323857FF60031A340 /* Author.swift in Sources */,
				DE36541C238579260031A340 /* ViewController.swift in Sources */,
				DE36543123857DBB0031A340 /* Tweet.swift in Sources */,
				DE365418238579260031A340 /* AppDelegate.swift in Sources */,
				DE36542C23857C040031A340 /* NetworkService.swift in Sources */,
				DE36541A238579260031A340 /* SceneDelegate.swift in Sources */,
			);
			runOnlyForDeploymentPostprocessing = 0;
		};
/* End PBXSourcesBuildPhase section */

/* Begin PBXVariantGroup section */
		DE36541D238579260031A340 /* Main.storyboard */ = {
			isa = PBXVariantGroup;
			children = (
				DE36541E238579260031A340 /* Base */,
			);
			name = Main.storyboard;
			sourceTree = "<group>";
		};
		DE3654222385792C0031A340 /* LaunchScreen.storyboard */ = {
			isa = PBXVariantGroup;
			children = (
				DE3654232385792C0031A340 /* Base */,
			);
			name = LaunchScreen.storyboard;
			sourceTree = "<group>";
		};
/* End PBXVariantGroup section */

/* Begin XCBuildConfiguration section */
		DE3654262385792C0031A340 /* Debug */ = {
			isa = XCBuildConfiguration;
			buildSettings = {
				ALWAYS_SEARCH_USER_PATHS = NO;
				CLANG_ANALYZER_NONNULL = YES;
				CLANG_ANALYZER_NUMBER_OBJECT_CONVERSION = YES_AGGRESSIVE;
				CLANG_CXX_LANGUAGE_STANDARD = "gnu++14";
				CLANG_CXX_LIBRARY = "libc++";
				CLANG_ENABLE_MODULES = YES;
				CLANG_ENABLE_OBJC_ARC = YES;
				CLANG_ENABLE_OBJC_WEAK = YES;
				CLANG_WARN_BLOCK_CAPTURE_AUTORELEASING = YES;
				CLANG_WARN_BOOL_CONVERSION = YES;
				CLANG_WARN_COMMA = YES;
				CLANG_WARN_CONSTANT_CONVERSION = YES;
				CLANG_WARN_DEPRECATED_OBJC_IMPLEMENTATIONS = YES;
				CLANG_WARN_DIRECT_OBJC_ISA_USAGE = YES_ERROR;
				CLANG_WARN_DOCUMENTATION_COMMENTS = YES;
				CLANG_WARN_EMPTY_BODY = YES;
				CLANG_WARN_ENUM_CONVERSION = YES;
				CLANG_WARN_INFINITE_RECURSION = YES;
				CLANG_WARN_INT_CONVERSION = YES;
				CLANG_WARN_NON_LITERAL_NULL_CONVERSION = YES;
				CLANG_WARN_OBJC_IMPLICIT_RETAIN_SELF = YES;
				CLANG_WARN_OBJC_LITERAL_CONVERSION = YES;
				CLANG_WARN_OBJC_ROOT_CLASS = YES_ERROR;
				CLANG_WARN_RANGE_LOOP_ANALYSIS = YES;
				CLANG_WARN_STRICT_PROTOTYPES = YES;
				CLANG_WARN_SUSPICIOUS_MOVE = YES;
				CLANG_WARN_UNGUARDED_AVAILABILITY = YES_AGGRESSIVE;
				CLANG_WARN_UNREACHABLE_CODE = YES;
				CLANG_WARN__DUPLICATE_METHOD_MATCH = YES;
				COPY_PHASE_STRIP = NO;
				DEBUG_INFORMATION_FORMAT = dwarf;
				ENABLE_STRICT_OBJC_MSGSEND = YES;
				ENABLE_TESTABILITY = YES;
				GCC_C_LANGUAGE_STANDARD = gnu11;
				GCC_DYNAMIC_NO_PIC = NO;
				GCC_NO_COMMON_BLOCKS = YES;
				GCC_OPTIMIZATION_LEVEL = 0;
				GCC_PREPROCESSOR_DEFINITIONS = (
					"DEBUG=1",
					"$(inherited)",
				);
				GCC_WARN_64_TO_32_BIT_CONVERSION = YES;
				GCC_WARN_ABOUT_RETURN_TYPE = YES_ERROR;
				GCC_WARN_UNDECLARED_SELECTOR = YES;
				GCC_WARN_UNINITIALIZED_AUTOS = YES_AGGRESSIVE;
				GCC_WARN_UNUSED_FUNCTION = YES;
				GCC_WARN_UNUSED_VARIABLE = YES;
				IPHONEOS_DEPLOYMENT_TARGET = 13.1;
				MTL_ENABLE_DEBUG_INFO = INCLUDE_SOURCE;
				MTL_FAST_MATH = YES;
				ONLY_ACTIVE_ARCH = YES;
				SDKROOT = iphoneos;
				SWIFT_ACTIVE_COMPILATION_CONDITIONS = DEBUG;
				SWIFT_OPTIMIZATION_LEVEL = "-Onone";
			};
			name = Debug;
		};
		DE3654272385792C0031A340 /* Release */ = {
			isa = XCBuildConfiguration;
			buildSettings = {
				ALWAYS_SEARCH_USER_PATHS = NO;
				CLANG_ANALYZER_NONNULL = YES;
				CLANG_ANALYZER_NUMBER_OBJECT_CONVERSION = YES_AGGRESSIVE;
				CLANG_CXX_LANGUAGE_STANDARD = "gnu++14";
				CLANG_CXX_LIBRARY = "libc++";
				CLANG_ENABLE_MODULES = YES;
				CLANG_ENABLE_OBJC_ARC = YES;
				CLANG_ENABLE_OBJC_WEAK = YES;
				CLANG_WARN_BLOCK_CAPTURE_AUTORELEASING = YES;
				CLANG_WARN_BOOL_CONVERSION = YES;
				CLANG_WARN_COMMA = YES;
				CLANG_WARN_CONSTANT_CONVERSION = YES;
				CLANG_WARN_DEPRECATED_OBJC_IMPLEMENTATIONS = YES;
				CLANG_WARN_DIRECT_OBJC_ISA_USAGE = YES_ERROR;
				CLANG_WARN_DOCUMENTATION_COMMENTS = YES;
				CLANG_WARN_EMPTY_BODY = YES;
				CLANG_WARN_ENUM_CONVERSION = YES;
				CLANG_WARN_INFINITE_RECURSION = YES;
				CLANG_WARN_INT_CONVERSION = YES;
				CLANG_WARN_NON_LITERAL_NULL_CONVERSION = YES;
				CLANG_WARN_OBJC_IMPLICIT_RETAIN_SELF = YES;
				CLANG_WARN_OBJC_LITERAL_CONVERSION = YES;
				CLANG_WARN_OBJC_ROOT_CLASS = YES_ERROR;
				CLANG_WARN_RANGE_LOOP_ANALYSIS = YES;
				CLANG_WARN_STRICT_PROTOTYPES = YES;
				CLANG_WARN_SUSPICIOUS_MOVE = YES;
				CLANG_WARN_UNGUARDED_AVAILABILITY = YES_AGGRESSIVE;
				CLANG_WARN_UNREACHABLE_CODE = YES;
				CLANG_WARN__DUPLICATE_METHOD_MATCH = YES;
				COPY_PHASE_STRIP = NO;
				DEBUG_INFORMATION_FORMAT = "dwarf-with-dsym";
				ENABLE_NS_ASSERTIONS = NO;
				ENABLE_STRICT_OBJC_MSGSEND = YES;
				GCC_C_LANGUAGE_STANDARD = gnu11;
				GCC_NO_COMMON_BLOCKS = YES;
				GCC_WARN_64_TO_32_BIT_CONVERSION = YES;
				GCC_WARN_ABOUT_RETURN_TYPE = YES_ERROR;
				GCC_WARN_UNDECLARED_SELECTOR = YES;
				GCC_WARN_UNINITIALIZED_AUTOS = YES_AGGRESSIVE;
				GCC_WARN_UNUSED_FUNCTION = YES;
				GCC_WARN_UNUSED_VARIABLE = YES;
				IPHONEOS_DEPLOYMENT_TARGET = 13.1;
				MTL_ENABLE_DEBUG_INFO = NO;
				MTL_FAST_MATH = YES;
				SDKROOT = iphoneos;
				SWIFT_COMPILATION_MODE = wholemodule;
				SWIFT_OPTIMIZATION_LEVEL = "-O";
				VALIDATE_PRODUCT = YES;
			};
			name = Release;
		};
		DE3654292385792C0031A340 /* Debug */ = {
			isa = XCBuildConfiguration;
			buildSettings = {
				ASSETCATALOG_COMPILER_APPICON_NAME = AppIcon;
				CODE_SIGN_STYLE = Automatic;
				INFOPLIST_FILE = NetworkChallenge1/Info.plist;
				LD_RUNPATH_SEARCH_PATHS = (
					"$(inherited)",
					"@executable_path/Frameworks",
				);
				PRODUCT_BUNDLE_IDENTIFIER = com.thoughtworks.NetworkChallenge1;
				PRODUCT_NAME = "$(TARGET_NAME)";
				SWIFT_VERSION = 5.0;
				TARGETED_DEVICE_FAMILY = "1,2";
			};
			name = Debug;
		};
		DE36542A2385792C0031A340 /* Release */ = {
			isa = XCBuildConfiguration;
			buildSettings = {
				ASSETCATALOG_COMPILER_APPICON_NAME = AppIcon;
				CODE_SIGN_STYLE = Automatic;
				INFOPLIST_FILE = NetworkChallenge1/Info.plist;
				LD_RUNPATH_SEARCH_PATHS = (
					"$(inherited)",
					"@executable_path/Frameworks",
				);
				PRODUCT_BUNDLE_IDENTIFIER = com.thoughtworks.NetworkChallenge1;
				PRODUCT_NAME = "$(TARGET_NAME)";
				SWIFT_VERSION = 5.0;
				TARGETED_DEVICE_FAMILY = "1,2";
			};
			name = Release;
		};
/* End XCBuildConfiguration section */

/* Begin XCConfigurationList section */
		DE36540F238579260031A340 /* Build configuration list for PBXProject "NetworkChallenge1" */ = {
			isa = XCConfigurationList;
			buildConfigurations = (
				DE3654262385792C0031A340 /* Debug */,
				DE3654272385792C0031A340 /* Release */,
			);
			defaultConfigurationIsVisible = 0;
			defaultConfigurationName = Release;
		};
		DE3654282385792C0031A340 /* Build configuration list for PBXNativeTarget "NetworkChallenge1" */ = {
			isa = XCConfigurationList;
			buildConfigurations = (
				DE3654292385792C0031A340 /* Debug */,
				DE36542A2385792C0031A340 /* Release */,
			);
			defaultConfigurationIsVisible = 0;
			defaultConfigurationName = Release;
		};
/* End XCConfigurationList section */
	};
	rootObject = DE36540C238579260031A340 /* Project object */;
}
