// !$*UTF8*$!
{
	archiveVersion = 1;
	classes = {
	};
	objectVersion = 50;
	objects = {

/* Begin PBXBuildFile section */
		F69A48E32380316B006C1DB3 /* AppDelegate.swift in Sources */ = {isa = PBXBuildFile; fileRef = F69A48E22380316B006C1DB3 /* AppDelegate.swift */; };
		F69A48E52380316B006C1DB3 /* SceneDelegate.swift in Sources */ = {isa = PBXBuildFile; fileRef = F69A48E42380316B006C1DB3 /* SceneDelegate.swift */; };
		F69A48EA2380316B006C1DB3 /* Main.storyboard in Resources */ = {isa = PBXBuildFile; fileRef = F69A48E82380316B006C1DB3 /* Main.storyboard */; };
		F69A48EC23803176006C1DB3 /* Assets.xcassets in Resources */ = {isa = PBXBuildFile; fileRef = F69A48EB23803176006C1DB3 /* Assets.xcassets */; };
		F69A48EF23803176006C1DB3 /* LaunchScreen.storyboard in Resources */ = {isa = PBXBuildFile; fileRef = F69A48ED23803176006C1DB3 /* LaunchScreen.storyboard */; };
		F69A48F72380362D006C1DB3 /* Contact.swift in Sources */ = {isa = PBXBuildFile; fileRef = F69A48F62380362D006C1DB3 /* Contact.swift */; };
		F69A48F923803E4F006C1DB3 /* Device.swift in Sources */ = {isa = PBXBuildFile; fileRef = F69A48F823803E4F006C1DB3 /* Device.swift */; };
		F69A49862384108A006C1DB3 /* ContactsViewController.swift in Sources */ = {isa = PBXBuildFile; fileRef = F69A49852384108A006C1DB3 /* ContactsViewController.swift */; };
		F69A498923841132006C1DB3 /* ContactCell.swift in Sources */ = {isa = PBXBuildFile; fileRef = F69A498823841132006C1DB3 /* ContactCell.swift */; };
		F69A498B23841C3F006C1DB3 /* DevicesViewController.swift in Sources */ = {isa = PBXBuildFile; fileRef = F69A498A23841C3F006C1DB3 /* DevicesViewController.swift */; };
/* End PBXBuildFile section */

/* Begin PBXFileReference section */
		F69A48DF2380316B006C1DB3 /* UITableViewDemo.app */ = {isa = PBXFileReference; explicitFileType = wrapper.application; includeInIndex = 0; path = UITableViewDemo.app; sourceTree = BUILT_PRODUCTS_DIR; };
		F69A48E22380316B006C1DB3 /* AppDelegate.swift */ = {isa = PBXFileReference; lastKnownFileType = sourcecode.swift; path = AppDelegate.swift; sourceTree = "<group>"; };
		F69A48E42380316B006C1DB3 /* SceneDelegate.swift */ = {isa = PBXFileReference; lastKnownFileType = sourcecode.swift; path = SceneDelegate.swift; sourceTree = "<group>"; };
		F69A48E92380316B006C1DB3 /* Base */ = {isa = PBXFileReference; lastKnownFileType = file.storyboard; name = Base; path = Base.lproj/Main.storyboard; sourceTree = "<group>"; };
		F69A48EB23803176006C1DB3 /* Assets.xcassets */ = {isa = PBXFileReference; lastKnownFileType = folder.assetcatalog; path = Assets.xcassets; sourceTree = "<group>"; };
		F69A48EE23803176006C1DB3 /* Base */ = {isa = PBXFileReference; lastKnownFileType = file.storyboard; name = Base; path = Base.lproj/LaunchScreen.storyboard; sourceTree = "<group>"; };
		F69A48F023803176006C1DB3 /* Info.plist */ = {isa = PBXFileReference; lastKnownFileType = text.plist.xml; path = Info.plist; sourceTree = "<group>"; };
		F69A48F62380362D006C1DB3 /* Contact.swift */ = {isa = PBXFileReference; lastKnownFileType = sourcecode.swift; path = Contact.swift; sourceTree = "<group>"; };
		F69A48F823803E4F006C1DB3 /* Device.swift */ = {isa = PBXFileReference; lastKnownFileType = sourcecode.swift; path = Device.swift; sourceTree = "<group>"; };
		F69A49852384108A006C1DB3 /* ContactsViewController.swift */ = {isa = PBXFileReference; lastKnownFileType = sourcecode.swift; path = ContactsViewController.swift; sourceTree = "<group>"; };
		F69A498823841132006C1DB3 /* ContactCell.swift */ = {isa = PBXFileReference; lastKnownFileType = sourcecode.swift; path = ContactCell.swift; sourceTree = "<group>"; };
		F69A498A23841C3F006C1DB3 /* DevicesViewController.swift */ = {isa = PBXFileReference; lastKnownFileType = sourcecode.swift; path = DevicesViewController.swift; sourceTree = "<group>"; };
/* End PBXFileReference section */

/* Begin PBXFrameworksBuildPhase section */
		F69A48DC2380316B006C1DB3 /* Frameworks */ = {
			isa = PBXFrameworksBuildPhase;
			buildActionMask = 2147483647;
			files = (
			);
			runOnlyForDeploymentPostprocessing = 0;
		};
/* End PBXFrameworksBuildPhase section */

/* Begin PBXGroup section */
		F69A48D62380316B006C1DB3 = {
			isa = PBXGroup;
			children = (
				F69A48E12380316B006C1DB3 /* UITableViewDemo */,
				F69A48E02380316B006C1DB3 /* Products */,
			);
			sourceTree = "<group>";
		};
		F69A48E02380316B006C1DB3 /* Products */ = {
			isa = PBXGroup;
			children = (
				F69A48DF2380316B006C1DB3 /* UITableViewDemo.app */,
			);
			name = Products;
			sourceTree = "<group>";
		};
		F69A48E12380316B006C1DB3 /* UITableViewDemo */ = {
			isa = PBXGroup;
			children = (
				F69A49872384110C006C1DB3 /* View */,
				F69A48E22380316B006C1DB3 /* AppDelegate.swift */,
				F69A49852384108A006C1DB3 /* ContactsViewController.swift */,
				F69A498A23841C3F006C1DB3 /* DevicesViewController.swift */,
				F69A48E42380316B006C1DB3 /* SceneDelegate.swift */,
				F69A48F62380362D006C1DB3 /* Contact.swift */,
				F69A48F823803E4F006C1DB3 /* Device.swift */,
				F69A48E82380316B006C1DB3 /* Main.storyboard */,
				F69A48EB23803176006C1DB3 /* Assets.xcassets */,
				F69A48ED23803176006C1DB3 /* LaunchScreen.storyboard */,
				F69A48F023803176006C1DB3 /* Info.plist */,
			);
			path = UITableViewDemo;
			sourceTree = "<group>";
		};
		F69A49872384110C006C1DB3 /* View */ = {
			isa = PBXGroup;
			children = (
				F69A498823841132006C1DB3 /* ContactCell.swift */,
			);
			path = View;
			sourceTree = "<group>";
		};
/* End PBXGroup section */

/* Begin PBXNativeTarget section */
		F69A48DE2380316B006C1DB3 /* UITableViewDemo */ = {
			isa = PBXNativeTarget;
			buildConfigurationList = F69A48F323803176006C1DB3 /* Build configuration list for PBXNativeTarget "UITableViewDemo" */;
			buildPhases = (
				F69A48DB2380316B006C1DB3 /* Sources */,
				F69A48DC2380316B006C1DB3 /* Frameworks */,
				F69A48DD2380316B006C1DB3 /* Resources */,
			);
			buildRules = (
			);
			dependencies = (
			);
			name = UITableViewDemo;
			productName = UITableViewDemo;
			productReference = F69A48DF2380316B006C1DB3 /* UITableViewDemo.app */;
			productType = "com.apple.product-type.application";
		};
/* End PBXNativeTarget section */

/* Begin PBXProject section */
		F69A48D72380316B006C1DB3 /* Project object */ = {
			isa = PBXProject;
			attributes = {
				LastSwiftUpdateCheck = 1110;
				LastUpgradeCheck = 1110;
				ORGANIZATIONNAME = "Facheng Liang ";
				TargetAttributes = {
					F69A48DE2380316B006C1DB3 = {
						CreatedOnToolsVersion = 11.1;
					};
				};
			};
			buildConfigurationList = F69A48DA2380316B006C1DB3 /* Build configuration list for PBXProject "UITableViewDemo" */;
			compatibilityVersion = "Xcode 9.3";
			developmentRegion = en;
			hasScannedForEncodings = 0;
			knownRegions = (
				en,
				Base,
			);
			mainGroup = F69A48D62380316B006C1DB3;
			productRefGroup = F69A48E02380316B006C1DB3 /* Products */;
			projectDirPath = "";
			projectRoot = "";
			targets = (
				F69A48DE2380316B006C1DB3 /* UITableViewDemo */,
			);
		};
/* End PBXProject section */

/* Begin PBXResourcesBuildPhase section */
		F69A48DD2380316B006C1DB3 /* Resources */ = {
			isa = PBXResourcesBuildPhase;
			buildActionMask = 2147483647;
			files = (
				F69A48EF23803176006C1DB3 /* LaunchScreen.storyboard in Resources */,
				F69A48EC23803176006C1DB3 /* Assets.xcassets in Resources */,
				F69A48EA2380316B006C1DB3 /* Main.storyboard in Resources */,
			);
			runOnlyForDeploymentPostprocessing = 0;
		};
/* End PBXResourcesBuildPhase section */

/* Begin PBXSourcesBuildPhase section */
		F69A48DB2380316B006C1DB3 /* Sources */ = {
			isa = PBXSourcesBuildPhase;
			buildActionMask = 2147483647;
			files = (
				F69A48E32380316B006C1DB3 /* AppDelegate.swift in Sources */,
				F69A498B23841C3F006C1DB3 /* DevicesViewController.swift in Sources */,
				F69A48E52380316B006C1DB3 /* SceneDelegate.swift in Sources */,
				F69A48F72380362D006C1DB3 /* Contact.swift in Sources */,
				F69A48F923803E4F006C1DB3 /* Device.swift in Sources */,
				F69A498923841132006C1DB3 /* ContactCell.swift in Sources */,
				F69A49862384108A006C1DB3 /* ContactsViewController.swift in Sources */,
			);
			runOnlyForDeploymentPostprocessing = 0;
		};
/* End PBXSourcesBuildPhase section */

/* Begin PBXVariantGroup section */
		F69A48E82380316B006C1DB3 /* Main.storyboard */ = {
			isa = PBXVariantGroup;
			children = (
				F69A48E92380316B006C1DB3 /* Base */,
			);
			name = Main.storyboard;
			sourceTree = "<group>";
		};
		F69A48ED23803176006C1DB3 /* LaunchScreen.storyboard */ = {
			isa = PBXVariantGroup;
			children = (
				F69A48EE23803176006C1DB3 /* Base */,
			);
			name = LaunchScreen.storyboard;
			sourceTree = "<group>";
		};
/* End PBXVariantGroup section */

/* Begin XCBuildConfiguration section */
		F69A48F123803176006C1DB3 /* Debug */ = {
			isa = XCBuildConfiguration;
			buildSettings = {
				ALWAYS_SEARCH_USER_PATHS = NO;
				CLANG_ANALYZER_NONNULL = YES;
				CLANG_ANALYZER_NUMBER_OBJECT_CONVERSION = YES_AGGRESSIVE;
				CLANG_CXX_LANGUAGE_STANDARD = "gnu++14";
				CLANG_CXX_LIBRARY = "libc++";
				CLANG_ENABLE_MODULES = YES;
				CLANG_ENABLE_OBJC_ARC = YES;
				CLANG_ENABLE_OBJC_WEAK = YES;
				CLANG_WARN_BLOCK_CAPTURE_AUTORELEASING = YES;
				CLANG_WARN_BOOL_CONVERSION = YES;
				CLANG_WARN_COMMA = YES;
				CLANG_WARN_CONSTANT_CONVERSION = YES;
				CLANG_WARN_DEPRECATED_OBJC_IMPLEMENTATIONS = YES;
				CLANG_WARN_DIRECT_OBJC_ISA_USAGE = YES_ERROR;
				CLANG_WARN_DOCUMENTATION_COMMENTS = YES;
				CLANG_WARN_EMPTY_BODY = YES;
				CLANG_WARN_ENUM_CONVERSION = YES;
				CLANG_WARN_INFINITE_RECURSION = YES;
				CLANG_WARN_INT_CONVERSION = YES;
				CLANG_WARN_NON_LITERAL_NULL_CONVERSION = YES;
				CLANG_WARN_OBJC_IMPLICIT_RETAIN_SELF = YES;
				CLANG_WARN_OBJC_LITERAL_CONVERSION = YES;
				CLANG_WARN_OBJC_ROOT_CLASS = YES_ERROR;
				CLANG_WARN_RANGE_LOOP_ANALYSIS = YES;
				CLANG_WARN_STRICT_PROTOTYPES = YES;
				CLANG_WARN_SUSPICIOUS_MOVE = YES;
				CLANG_WARN_UNGUARDED_AVAILABILITY = YES_AGGRESSIVE;
				CLANG_WARN_UNREACHABLE_CODE = YES;
				CLANG_WARN__DUPLICATE_METHOD_MATCH = YES;
				COPY_PHASE_STRIP = NO;
				DEBUG_INFORMATION_FORMAT = dwarf;
				ENABLE_STRICT_OBJC_MSGSEND = YES;
				ENABLE_TESTABILITY = YES;
				GCC_C_LANGUAGE_STANDARD = gnu11;
				GCC_DYNAMIC_NO_PIC = NO;
				GCC_NO_COMMON_BLOCKS = YES;
				GCC_OPTIMIZATION_LEVEL = 0;
				GCC_PREPROCESSOR_DEFINITIONS = (
					"DEBUG=1",
					"$(inherited)",
				);
				GCC_WARN_64_TO_32_BIT_CONVERSION = YES;
				GCC_WARN_ABOUT_RETURN_TYPE = YES_ERROR;
				GCC_WARN_UNDECLARED_SELECTOR = YES;
				GCC_WARN_UNINITIALIZED_AUTOS = YES_AGGRESSIVE;
				GCC_WARN_UNUSED_FUNCTION = YES;
				GCC_WARN_UNUSED_VARIABLE = YES;
				IPHONEOS_DEPLOYMENT_TARGET = 13.1;
				MTL_ENABLE_DEBUG_INFO = INCLUDE_SOURCE;
				MTL_FAST_MATH = YES;
				ONLY_ACTIVE_ARCH = YES;
				SDKROOT = iphoneos;
				SWIFT_ACTIVE_COMPILATION_CONDITIONS = DEBUG;
				SWIFT_OPTIMIZATION_LEVEL = "-Onone";
			};
			name = Debug;
		};
		F69A48F223803176006C1DB3 /* Release */ = {
			isa = XCBuildConfiguration;
			buildSettings = {
				ALWAYS_SEARCH_USER_PATHS = NO;
				CLANG_ANALYZER_NONNULL = YES;
				CLANG_ANALYZER_NUMBER_OBJECT_CONVERSION = YES_AGGRESSIVE;
				CLANG_CXX_LANGUAGE_STANDARD = "gnu++14";
				CLANG_CXX_LIBRARY = "libc++";
				CLANG_ENABLE_MODULES = YES;
				CLANG_ENABLE_OBJC_ARC = YES;
				CLANG_ENABLE_OBJC_WEAK = YES;
				CLANG_WARN_BLOCK_CAPTURE_AUTORELEASING = YES;
				CLANG_WARN_BOOL_CONVERSION = YES;
				CLANG_WARN_COMMA = YES;
				CLANG_WARN_CONSTANT_CONVERSION = YES;
				CLANG_WARN_DEPRECATED_OBJC_IMPLEMENTATIONS = YES;
				CLANG_WARN_DIRECT_OBJC_ISA_USAGE = YES_ERROR;
				CLANG_WARN_DOCUMENTATION_COMMENTS = YES;
				CLANG_WARN_EMPTY_BODY = YES;
				CLANG_WARN_ENUM_CONVERSION = YES;
				CLANG_WARN_INFINITE_RECURSION = YES;
				CLANG_WARN_INT_CONVERSION = YES;
				CLANG_WARN_NON_LITERAL_NULL_CONVERSION = YES;
				CLANG_WARN_OBJC_IMPLICIT_RETAIN_SELF = YES;
				CLANG_WARN_OBJC_LITERAL_CONVERSION = YES;
				CLANG_WARN_OBJC_ROOT_CLASS = YES_ERROR;
				CLANG_WARN_RANGE_LOOP_ANALYSIS = YES;
				CLANG_WARN_STRICT_PROTOTYPES = YES;
				CLANG_WARN_SUSPICIOUS_MOVE = YES;
				CLANG_WARN_UNGUARDED_AVAILABILITY = YES_AGGRESSIVE;
				CLANG_WARN_UNREACHABLE_CODE = YES;
				CLANG_WARN__DUPLICATE_METHOD_MATCH = YES;
				COPY_PHASE_STRIP = NO;
				DEBUG_INFORMATION_FORMAT = "dwarf-with-dsym";
				ENABLE_NS_ASSERTIONS = NO;
				ENABLE_STRICT_OBJC_MSGSEND = YES;
				GCC_C_LANGUAGE_STANDARD = gnu11;
				GCC_NO_COMMON_BLOCKS = YES;
				GCC_WARN_64_TO_32_BIT_CONVERSION = YES;
				GCC_WARN_ABOUT_RETURN_TYPE = YES_ERROR;
				GCC_WARN_UNDECLARED_SELECTOR = YES;
				GCC_WARN_UNINITIALIZED_AUTOS = YES_AGGRESSIVE;
				GCC_WARN_UNUSED_FUNCTION = YES;
				GCC_WARN_UNUSED_VARIABLE = YES;
				IPHONEOS_DEPLOYMENT_TARGET = 13.1;
				MTL_ENABLE_DEBUG_INFO = NO;
				MTL_FAST_MATH = YES;
				SDKROOT = iphoneos;
				SWIFT_COMPILATION_MODE = wholemodule;
				SWIFT_OPTIMIZATION_LEVEL = "-O";
				VALIDATE_PRODUCT = YES;
			};
			name = Release;
		};
		F69A48F423803176006C1DB3 /* Debug */ = {
			isa = XCBuildConfiguration;
			buildSettings = {
				ASSETCATALOG_COMPILER_APPICON_NAME = AppIcon;
				CODE_SIGN_STYLE = Automatic;
				DEVELOPMENT_TEAM = RC37HLNGYQ;
				INFOPLIST_FILE = UITableViewDemo/Info.plist;
				LD_RUNPATH_SEARCH_PATHS = (
					"$(inherited)",
					"@executable_path/Frameworks",
				);
				PRODUCT_BUNDLE_IDENTIFIER = thoughtworks.UITableViewDemo;
				PRODUCT_NAME = "$(TARGET_NAME)";
				SWIFT_VERSION = 5.0;
				TARGETED_DEVICE_FAMILY = "1,2";
			};
			name = Debug;
		};
		F69A48F523803176006C1DB3 /* Release */ = {
			isa = XCBuildConfiguration;
			buildSettings = {
				ASSETCATALOG_COMPILER_APPICON_NAME = AppIcon;
				CODE_SIGN_STYLE = Automatic;
				DEVELOPMENT_TEAM = RC37HLNGYQ;
				INFOPLIST_FILE = UITableViewDemo/Info.plist;
				LD_RUNPATH_SEARCH_PATHS = (
					"$(inherited)",
					"@executable_path/Frameworks",
				);
				PRODUCT_BUNDLE_IDENTIFIER = thoughtworks.UITableViewDemo;
				PRODUCT_NAME = "$(TARGET_NAME)";
				SWIFT_VERSION = 5.0;
				TARGETED_DEVICE_FAMILY = "1,2";
			};
			name = Release;
		};
/* End XCBuildConfiguration section */

/* Begin XCConfigurationList section */
		F69A48DA2380316B006C1DB3 /* Build configuration list for PBXProject "UITableViewDemo" */ = {
			isa = XCConfigurationList;
			buildConfigurations = (
				F69A48F123803176006C1DB3 /* Debug */,
				F69A48F223803176006C1DB3 /* Release */,
			);
			defaultConfigurationIsVisible = 0;
			defaultConfigurationName = Release;
		};
		F69A48F323803176006C1DB3 /* Build configuration list for PBXNativeTarget "UITableViewDemo" */ = {
			isa = XCConfigurationList;
			buildConfigurations = (
				F69A48F423803176006C1DB3 /* Debug */,
				F69A48F523803176006C1DB3 /* Release */,
			);
			defaultConfigurationIsVisible = 0;
			defaultConfigurationName = Release;
		};
/* End XCConfigurationList section */
	};
	rootObject = F69A48D72380316B006C1DB3 /* Project object */;
}
